
Microsoft Visual Studio Solution File, Format Version 12.00
# Visual Studio Version 16
VisualStudioVersion = 16.0.32002.261
MinimumVisualStudioVersion = 10.0.40219.1
Project("{FAE04EC0-301F-11D3-BF4B-00C04F79EFBC}") = "SksRezervasyon.WebAPI", "SksRezervasyon.WebAPI.csproj", "{4E9D6142-4F96-4FD1-BD9E-0CA097422044}"
EndProject
Project("{FAE04EC0-301F-11D3-BF4B-00C04F79EFBC}") = "SksRezervasyon.Core", "..\SksRezervasyon.Core\SksRezervasyon.Core.csproj", "{8C797176-6E83-4540-B16B-B9FD62134395}"
EndProject
Project("{FAE04EC0-301F-11D3-BF4B-00C04F79EFBC}") = "SksRezervasyon.Business", "..\SksRezervasyon.Business\SksRezervasyon.Business.csproj", "{DC81944F-B68E-4812-A5D5-342207021F6C}"
EndProject
Project("{FAE04EC0-301F-11D3-BF4B-00C04F79EFBC}") = "SksRezervasyon.DataAccess", "..\SksRezervasyon.DataAccess\SksRezervasyon.DataAccess.csproj", "{E83FBDC0-3ED4-4452-AE06-3E0C7722853C}"
EndProject
Global
	GlobalSection(SolutionConfigurationPlatforms) = preSolution
		Debug|Any CPU = Debug|Any CPU
		Release|Any CPU = Release|Any CPU
	EndGlobalSection
	GlobalSection(ProjectConfigurationPlatforms) = postSolution
		{4E9D6142-4F96-4FD1-BD9E-0CA097422044}.Debug|Any CPU.ActiveCfg = Debug|Any CPU
		{4E9D6142-4F96-4FD1-BD9E-0CA097422044}.Debug|Any CPU.Build.0 = Debug|Any CPU
		{4E9D6142-4F96-4FD1-BD9E-0CA097422044}.Release|Any CPU.ActiveCfg = Release|Any CPU
		{4E9D6142-4F96-4FD1-BD9E-0CA097422044}.Release|Any CPU.Build.0 = Release|Any CPU
		{8C797176-6E83-4540-B16B-B9FD62134395}.Debug|Any CPU.ActiveCfg = Debug|Any CPU
		{8C797176-6E83-4540-B16B-B9FD62134395}.Debug|Any CPU.Build.0 = Debug|Any CPU
		{8C797176-6E83-4540-B16B-B9FD62134395}.Release|Any CPU.ActiveCfg = Release|Any CPU
		{8C797176-6E83-4540-B16B-B9FD62134395}.Release|Any CPU.Build.0 = Release|Any CPU
		{DC81944F-B68E-4812-A5D5-342207021F6C}.Debug|Any CPU.ActiveCfg = Debug|Any CPU
		{DC81944F-B68E-4812-A5D5-342207021F6C}.Debug|Any CPU.Build.0 = Debug|Any CPU
		{DC81944F-B68E-4812-A5D5-342207021F6C}.Release|Any CPU.ActiveCfg = Release|Any CPU
		{DC81944F-B68E-4812-A5D5-342207021F6C}.Release|Any CPU.Build.0 = Release|Any CPU
		{E83FBDC0-3ED4-4452-AE06-3E0C7722853C}.Debug|Any CPU.ActiveCfg = Debug|Any CPU
		{E83FBDC0-3ED4-4452-AE06-3E0C7722853C}.Debug|Any CPU.Build.0 = Debug|Any CPU
		{E83FBDC0-3ED4-4452-AE06-3E0C7722853C}.Release|Any CPU.ActiveCfg = Release|Any CPU
		{E83FBDC0-3ED4-4452-AE06-3E0C7722853C}.Release|Any CPU.Build.0 = Release|Any CPU
	EndGlobalSection
	GlobalSection(SolutionProperties) = preSolution
		HideSolutionNode = FALSE
	EndGlobalSection
	GlobalSection(ExtensibilityGlobals) = postSolution
		SolutionGuid = {67C53CF5-862C-4123-90DC-3E3DF9AF99CE}
	EndGlobalSection
EndGlobal
